
Microsoft Visual Studio Solution File, Format Version 12.00
# Visual Studio Version 17
VisualStudioVersion = 17.5.002.0
MinimumVisualStudioVersion = 10.0.40219.1
Project("{9A19103F-16F7-4668-BE54-9A1E7A4F7556}") = "Inoa", "Inoa.csproj", "{6BEE9BD8-4DA1-438D-9A59-B61BF4F495FE}"
EndProject
Global
	GlobalSection(SolutionConfigurationPlatforms) = preSolution
		Debug|Any CPU = Debug|Any CPU
		Release|Any CPU = Release|Any CPU
	EndGlobalSection
	GlobalSection(ProjectConfigurationPlatforms) = postSolution
		{6BEE9BD8-4DA1-438D-9A59-B61BF4F495FE}.Debug|Any CPU.ActiveCfg = Debug|Any CPU
		{6BEE9BD8-4DA1-438D-9A59-B61BF4F495FE}.Debug|Any CPU.Build.0 = Debug|Any CPU
		{6BEE9BD8-4DA1-438D-9A59-B61BF4F495FE}.Release|Any CPU.ActiveCfg = Release|Any CPU
		{6BEE9BD8-4DA1-438D-9A59-B61BF4F495FE}.Release|Any CPU.Build.0 = Release|Any CPU
	EndGlobalSection
	GlobalSection(SolutionProperties) = preSolution
		HideSolutionNode = FALSE
	EndGlobalSection
	GlobalSection(ExtensibilityGlobals) = postSolution
		SolutionGuid = {45424CD9-1CD4-472F-8AE1-1DEF250C913C}
	EndGlobalSection
EndGlobal
