
Microsoft Visual Studio Solution File, Format Version 12.00
# Visual Studio Version 17
VisualStudioVersion = 17.5.002.0
MinimumVisualStudioVersion = 10.0.40219.1
Project("{9A19103F-16F7-4668-BE54-9A1E7A4F7556}") = "Inoa", "Inoa.csproj", "{0FBC2095-B67D-4561-A582-85C83BC177FD}"
EndProject
Global
	GlobalSection(SolutionConfigurationPlatforms) = preSolution
		Debug|Any CPU = Debug|Any CPU
		Release|Any CPU = Release|Any CPU
	EndGlobalSection
	GlobalSection(ProjectConfigurationPlatforms) = postSolution
		{0FBC2095-B67D-4561-A582-85C83BC177FD}.Debug|Any CPU.ActiveCfg = Debug|Any CPU
		{0FBC2095-B67D-4561-A582-85C83BC177FD}.Debug|Any CPU.Build.0 = Debug|Any CPU
		{0FBC2095-B67D-4561-A582-85C83BC177FD}.Release|Any CPU.ActiveCfg = Release|Any CPU
		{0FBC2095-B67D-4561-A582-85C83BC177FD}.Release|Any CPU.Build.0 = Release|Any CPU
	EndGlobalSection
	GlobalSection(SolutionProperties) = preSolution
		HideSolutionNode = FALSE
	EndGlobalSection
	GlobalSection(ExtensibilityGlobals) = postSolution
		SolutionGuid = {45424CD9-1CD4-472F-8AE1-1DEF250C913C}
	EndGlobalSection
EndGlobal
